<?xml version="1.0" encoding="utf-8"?>
<Project ToolsVersion="4.0" xmlns="http://schemas.microsoft.com/developer/msbuild/2003">
  <ItemGroup>
    <Filter Include="헤더 파일">
      <UniqueIdentifier>{93995380-89BD-4b04-88EB-625FBE52EBFB}</UniqueIdentifier>
      <Extensions>h;hh;hpp;hxx;h++;hm;inl;inc;ipp;xsd</Extensions>
    </Filter>
    <Filter Include="리소스 파일">
      <UniqueIdentifier>{67DA6AB6-F800-4c08-8B7A-83BB121AAD01}</UniqueIdentifier>
      <Extensions>rc;ico;cur;bmp;dlg;rc2;rct;bin;rgs;gif;jpg;jpeg;jpe;resx;tiff;tif;png;wav;mfcribbon-ms</Extensions>
    </Filter>
    <Filter Include="01. GameManager">
      <UniqueIdentifier>{1dfc493a-48f9-4ef3-9818-6560253bc434}</UniqueIdentifier>
    </Filter>
    <Filter Include="01. GameManager\01. Timer">
      <UniqueIdentifier>{c6c5801c-2376-4835-a0f7-5800d4a8b697}</UniqueIdentifier>
    </Filter>
    <Filter Include="03. Object">
      <UniqueIdentifier>{95af14b8-4dd6-40c8-a68f-4c7985007cb9}</UniqueIdentifier>
    </Filter>
    <Filter Include="01. GameManager\02. Ref">
      <UniqueIdentifier>{b3444e1d-3c19-4b9f-8417-92f0651fb321}</UniqueIdentifier>
    </Filter>
    <Filter Include="03. Object\01. Character">
      <UniqueIdentifier>{b7d3bdef-e0ee-4938-bd99-bb4d744e3aac}</UniqueIdentifier>
    </Filter>
    <Filter Include="03. Object\02. Bullet">
      <UniqueIdentifier>{23c77696-ecee-475c-a7b4-580ea75fcc30}</UniqueIdentifier>
    </Filter>
    <Filter Include="01. GameManager\04. Input">
      <UniqueIdentifier>{76dcbe9d-a2d6-407e-bf06-bc19a77025ae}</UniqueIdentifier>
    </Filter>
    <Filter Include="01. GameManager\05. SharedPtr">
      <UniqueIdentifier>{5b155b56-d28a-46c7-9482-2348515dc1bf}</UniqueIdentifier>
    </Filter>
    <Filter Include="01. GameManager\06. Path">
      <UniqueIdentifier>{a2bf81ed-7cf1-4409-86ab-8146603aa141}</UniqueIdentifier>
    </Filter>
    <Filter Include="04. Resource">
      <UniqueIdentifier>{94c5203a-ca9f-46f1-a597-ce6ed03977d9}</UniqueIdentifier>
    </Filter>
    <Filter Include="04. Resource\01. Texture">
      <UniqueIdentifier>{a426a367-2837-4ac2-a67a-da2acb66c209}</UniqueIdentifier>
    </Filter>
    <Filter Include="05. Animation">
      <UniqueIdentifier>{0af40e7d-936a-4103-b44c-2b31e927a13c}</UniqueIdentifier>
    </Filter>
    <Filter Include="04. Resource\02. Animation">
      <UniqueIdentifier>{fb4e753f-3769-456e-a06b-ec1bd3bfda67}</UniqueIdentifier>
    </Filter>
    <Filter Include="06. Collision">
      <UniqueIdentifier>{e1d12d41-3134-4f77-a70c-0a978e359426}</UniqueIdentifier>
    </Filter>
    <Filter Include="03. Object\03. Effect">
      <UniqueIdentifier>{a04ee459-4890-450e-a661-11adc359d743}</UniqueIdentifier>
    </Filter>
    <Filter Include="07. UI">
      <UniqueIdentifier>{f610f4d2-82a9-4c68-bdb6-e6ae9ea829ea}</UniqueIdentifier>
    </Filter>
    <Filter Include="07. UI\01. Widget">
      <UniqueIdentifier>{edf4b607-d82c-4f35-bed8-4a822f240963}</UniqueIdentifier>
    </Filter>
    <Filter Include="07. UI\02. Window">
      <UniqueIdentifier>{71c3dace-6565-45df-b110-bda8b3b78f88}</UniqueIdentifier>
    </Filter>
    <Filter Include="04. Resource\04. Font">
      <UniqueIdentifier>{b51b5ea3-1626-494e-9164-8a08012498b7}</UniqueIdentifier>
    </Filter>
    <Filter Include="01. GameManager\02. Scene">
      <UniqueIdentifier>{170056df-9e23-4991-8865-6fef37aaa732}</UniqueIdentifier>
    </Filter>
    <Filter Include="01. GameManager\02. Scene\01. Resource">
      <UniqueIdentifier>{7d3c2d64-ccf1-4608-bc6f-a4107971b044}</UniqueIdentifier>
    </Filter>
    <Filter Include="01. GameManager\02. Scene\02. Collision">
      <UniqueIdentifier>{c975fe94-06ec-4ed9-98fe-a328b275e69e}</UniqueIdentifier>
    </Filter>
    <Filter Include="01. GameManager\02. Scene\03. Camera">
      <UniqueIdentifier>{468fd452-dfd8-4c75-8ffb-b93fbd31248d}</UniqueIdentifier>
    </Filter>
    <Filter Include="04. Resource\03. Sound">
      <UniqueIdentifier>{5828544e-8b92-4525-b850-6e4de9ea3b25}</UniqueIdentifier>
    </Filter>
    <Filter Include="04. Resource\03. Sound\01. FMOD">
      <UniqueIdentifier>{2457672f-99e8-4d6e-903d-25fdadb0f577}</UniqueIdentifier>
    </Filter>
    <Filter Include="01. GameManager\02. Scene\04. SubScenes">
      <UniqueIdentifier>{dfc24fbd-0e07-4a91-ae84-f0f29e37f06f}</UniqueIdentifier>
    </Filter>
    <Filter Include="01. GameManager\02. Scene\03. Math">
      <UniqueIdentifier>{bc125f9e-b9c6-48de-9d3a-5ee56b945819}</UniqueIdentifier>
    </Filter>
    <Filter Include="08. Map">
      <UniqueIdentifier>{390a2718-8113-4ce9-9185-3980b10ac5bb}</UniqueIdentifier>
    </Filter>
    <Filter Include="소스 파일">
      <UniqueIdentifier>{4FC737F1-C7A5-4376-A066-2A32D752A2FF}</UniqueIdentifier>
      <Extensions>cpp;c;cc;cxx;c++;cppm;ixx;def;odl;idl;hpj;bat;asm;asmx</Extensions>
    </Filter>
    <Filter Include="03. Object\05. Gun">
      <UniqueIdentifier>{c176ad40-8682-4707-bc2f-f73e7e1193f1}</UniqueIdentifier>
    </Filter>
    <Filter Include="02. Inventory">
      <UniqueIdentifier>{44df73ff-12fe-4a33-8571-de62bc986b59}</UniqueIdentifier>
    </Filter>
    <Filter Include="03. Object\01. Character\01. Monster">
      <UniqueIdentifier>{fe348a0a-2650-44b6-8bc9-764ab6fe0c0b}</UniqueIdentifier>
    </Filter>
    <Filter Include="03. Object\01. Character\02. Player">
      <UniqueIdentifier>{db502550-7385-43f3-8bd2-3c1a707711f6}</UniqueIdentifier>
    </Filter>
    <Filter Include="03. Object\03. Effect\01. DynamicEffect">
      <UniqueIdentifier>{b3f2a816-35dc-4063-978e-fe25ed23fde9}</UniqueIdentifier>
    </Filter>
    <Filter Include="03. Object\03. Effect\02. StaticEffect">
      <UniqueIdentifier>{91d11e4b-cf01-41b5-af60-0a6589128f4d}</UniqueIdentifier>
    </Filter>
    <Filter Include="03. Object\06. WallObj">
      <UniqueIdentifier>{7a2fa660-9af5-4019-bc82-b2112c034ce8}</UniqueIdentifier>
    </Filter>
    <Filter Include="03. Object\01. Character\03. Npc">
      <UniqueIdentifier>{dfb448ff-a46c-4ab8-9ab6-59b71487099b}</UniqueIdentifier>
    </Filter>
    <Filter Include="03. Object\04. Items">
      <UniqueIdentifier>{2dc746a1-6b47-460b-95f3-f40578493cb7}</UniqueIdentifier>
    </Filter>
    <Filter Include="03. Object\04. Items\1.Portions">
      <UniqueIdentifier>{51627bbf-396b-44ac-96c3-1f64e81a5e26}</UniqueIdentifier>
    </Filter>
    <Filter Include="03. Object\04. Items\2. Equipment">
      <UniqueIdentifier>{cb12c7b8-b7eb-4e93-b253-5a9709fd6ff2}</UniqueIdentifier>
    </Filter>
  </ItemGroup>
  <ItemGroup>
    <ClCompile Include="main.cpp">
      <Filter>소스 파일</Filter>
    </ClCompile>
    <ClCompile Include="GameManager.cpp">
      <Filter>01. GameManager</Filter>
    </ClCompile>
    <ClCompile Include="Timer.cpp">
      <Filter>01. GameManager\01. Timer</Filter>
    </ClCompile>
    <ClCompile Include="Ref.cpp">
      <Filter>01. GameManager\02. Ref</Filter>
    </ClCompile>
    <ClCompile Include="Object\GameObject.cpp">
      <Filter>03. Object</Filter>
    </ClCompile>
    <ClCompile Include="Math.cpp">
      <Filter>01. GameManager\02. Scene\03. Math</Filter>
    </ClCompile>
    <ClCompile Include="Object\Character.cpp">
      <Filter>03. Object\01. Character</Filter>
    </ClCompile>
    <ClCompile Include="Scene\Scene.cpp">
      <Filter>01. GameManager\02. Scene</Filter>
    </ClCompile>
    <ClCompile Include="Scene\SceneManager.cpp">
      <Filter>01. GameManager\02. Scene</Filter>
    </ClCompile>
    <ClCompile Include="Input.cpp">
      <Filter>01. GameManager\04. Input</Filter>
    </ClCompile>
    <ClCompile Include="PathManager.cpp">
      <Filter>01. GameManager\06. Path</Filter>
    </ClCompile>
    <ClCompile Include="Resource\ResourceManager.cpp">
      <Filter>04. Resource</Filter>
    </ClCompile>
    <ClCompile Include="Resource\Texture.cpp">
      <Filter>04. Resource\01. Texture</Filter>
    </ClCompile>
    <ClCompile Include="Scene\SceneResource.cpp">
      <Filter>01. GameManager\02. Scene\01. Resource</Filter>
    </ClCompile>
    <ClCompile Include="Animation\Animation.cpp">
      <Filter>05. Animation</Filter>
    </ClCompile>
    <ClCompile Include="Resource\AnimationSequence.cpp">
      <Filter>04. Resource\02. Animation</Filter>
    </ClCompile>
    <ClCompile Include="Collision\CollisionManager.cpp">
      <Filter>06. Collision</Filter>
    </ClCompile>
    <ClCompile Include="Collision\Collider.cpp">
      <Filter>06. Collision</Filter>
    </ClCompile>
    <ClCompile Include="Collision\ColliderBox.cpp">
      <Filter>06. Collision</Filter>
    </ClCompile>
    <ClCompile Include="Scene\SceneCollision.cpp">
      <Filter>01. GameManager\02. Scene\02. Collision</Filter>
    </ClCompile>
    <ClCompile Include="Collision\Collision.cpp">
      <Filter>06. Collision</Filter>
    </ClCompile>
    <ClCompile Include="Collision\ColliderSphere.cpp">
      <Filter>06. Collision</Filter>
    </ClCompile>
    <ClCompile Include="UI\UIWindow.cpp">
      <Filter>07. UI</Filter>
    </ClCompile>
    <ClCompile Include="UI\UIWidget.cpp">
      <Filter>07. UI\01. Widget</Filter>
    </ClCompile>
    <ClCompile Include="UI\UIImage.cpp">
      <Filter>07. UI\01. Widget</Filter>
    </ClCompile>
    <ClCompile Include="Scene\Camera.cpp">
      <Filter>01. GameManager\02. Scene\03. Camera</Filter>
    </ClCompile>
    <ClCompile Include="UI\Button.cpp">
      <Filter>07. UI\01. Widget</Filter>
    </ClCompile>
    <ClCompile Include="UI\UIStart.cpp">
      <Filter>07. UI\02. Window</Filter>
    </ClCompile>
    <ClCompile Include="Resource\Sound.cpp">
      <Filter>04. Resource\03. Sound</Filter>
    </ClCompile>
    <ClCompile Include="UI\ProgressBar.cpp">
      <Filter>07. UI\01. Widget</Filter>
    </ClCompile>
    <ClCompile Include="UI\UIMain.cpp">
      <Filter>07. UI\02. Window</Filter>
    </ClCompile>
    <ClCompile Include="UI\UICharacterStateHUD.cpp">
      <Filter>07. UI\02. Window</Filter>
    </ClCompile>
    <ClCompile Include="UI\WidgetComponent.cpp">
      <Filter>07. UI</Filter>
    </ClCompile>
    <ClCompile Include="UI\UIText.cpp">
      <Filter>07. UI\01. Widget</Filter>
    </ClCompile>
    <ClCompile Include="Resource\Font.cpp">
      <Filter>04. Resource\04. Font</Filter>
    </ClCompile>
    <ClCompile Include="UI\NumberWidget.cpp">
      <Filter>07. UI\01. Widget</Filter>
    </ClCompile>
    <ClCompile Include="UI\UICommon.cpp">
      <Filter>07. UI\02. Window</Filter>
    </ClCompile>
    <ClCompile Include="Object\StageDoor.cpp">
      <Filter>03. Object\04. Items</Filter>
    </ClCompile>
    <ClCompile Include="Object\Armor.cpp">
      <Filter>03. Object\04. Items\2. Equipment</Filter>
    </ClCompile>
    <ClCompile Include="Object\Equipment.cpp">
      <Filter>03. Object\04. Items\2. Equipment</Filter>
    </ClCompile>
    <ClCompile Include="Object\Weapon.cpp">
      <Filter>03. Object\04. Items\2. Equipment</Filter>
    </ClCompile>
    <ClCompile Include="Object\Potion.cpp">
      <Filter>03. Object\04. Items\1.Portions</Filter>
    </ClCompile>
    <ClCompile Include="Object\HPPotion.cpp">
      <Filter>03. Object\04. Items\1.Portions</Filter>
    </ClCompile>
    <ClCompile Include="Object\MPPotion.cpp">
      <Filter>03. Object\04. Items\1.Portions</Filter>
    </ClCompile>
    <ClCompile Include="Scene\HomeScene.cpp">
      <Filter>01. GameManager\02. Scene\04. SubScenes</Filter>
    </ClCompile>
    <ClCompile Include="Scene\MainScene.cpp">
      <Filter>01. GameManager\02. Scene\04. SubScenes</Filter>
    </ClCompile>
    <ClCompile Include="Scene\StartScene.cpp">
      <Filter>01. GameManager\02. Scene\04. SubScenes</Filter>
    </ClCompile>
    <ClCompile Include="Map\MapBase.cpp">
      <Filter>08. Map</Filter>
    </ClCompile>
    <ClCompile Include="Map\TileMap.cpp">
      <Filter>08. Map</Filter>
    </ClCompile>
    <ClCompile Include="Map\Tile.cpp">
      <Filter>08. Map</Filter>
    </ClCompile>
    <ClCompile Include="Scene\EditorScene.cpp">
      <Filter>01. GameManager\02. Scene\04. SubScenes</Filter>
    </ClCompile>
    <ClCompile Include="Scene\EditorDlg.cpp">
      <Filter>01. GameManager\02. Scene\04. SubScenes</Filter>
    </ClCompile>
    <ClCompile Include="Map\ScrollMap.cpp">
      <Filter>08. Map</Filter>
    </ClCompile>
    <ClCompile Include="Object\LaserObject.cpp">
      <Filter>03. Object</Filter>
    </ClCompile>
    <ClCompile Include="Object\Gun.cpp">
      <Filter>03. Object\05. Gun</Filter>
    </ClCompile>
    <ClCompile Include="Inventory.cpp">
      <Filter>02. Inventory</Filter>
    </ClCompile>
    <ClCompile Include="Object\Monster.cpp">
      <Filter>03. Object\01. Character\01. Monster</Filter>
    </ClCompile>
    <ClCompile Include="Object\DuckMonster.cpp">
      <Filter>03. Object\01. Character\01. Monster</Filter>
    </ClCompile>
    <ClCompile Include="Object\TurtleMonster.cpp">
      <Filter>03. Object\01. Character\01. Monster</Filter>
    </ClCompile>
    <ClCompile Include="Object\ShotGun.cpp">
      <Filter>03. Object\05. Gun</Filter>
    </ClCompile>
    <ClCompile Include="Object\PistolGun.cpp">
      <Filter>03. Object\05. Gun</Filter>
    </ClCompile>
    <ClCompile Include="UI\UIAnimation.cpp">
      <Filter>07. UI\01. Widget</Filter>
    </ClCompile>
    <ClCompile Include="Object\BossMonster.cpp">
      <Filter>03. Object\01. Character\01. Monster</Filter>
    </ClCompile>
    <ClCompile Include="Object\DamageFont.cpp">
      <Filter>03. Object\03. Effect\01. DynamicEffect</Filter>
    </ClCompile>
    <ClCompile Include="Object\EffectBulletStart.cpp">
      <Filter>03. Object\03. Effect\02. StaticEffect</Filter>
    </ClCompile>
    <ClCompile Include="Object\EffectCasing.cpp">
      <Filter>03. Object\03. Effect\01. DynamicEffect</Filter>
    </ClCompile>
    <ClCompile Include="Object\EffectDash.cpp">
      <Filter>03. Object\03. Effect\02. StaticEffect</Filter>
    </ClCompile>
    <ClCompile Include="Object\EffectHit.cpp">
      <Filter>03. Object\03. Effect\02. StaticEffect</Filter>
    </ClCompile>
    <ClCompile Include="Object\EffectSurprise.cpp">
      <Filter>03. Object\03. Effect\02. StaticEffect</Filter>
    </ClCompile>
    <ClCompile Include="Object\EffectText.cpp">
      <Filter>03. Object\03. Effect\01. DynamicEffect</Filter>
    </ClCompile>
    <ClCompile Include="Object\TeleportMouse.cpp">
      <Filter>03. Object\03. Effect\02. StaticEffect</Filter>
    </ClCompile>
    <ClCompile Include="Object\EffectReload.cpp">
      <Filter>03. Object\03. Effect\02. StaticEffect</Filter>
    </ClCompile>
    <ClCompile Include="UI\UIGunStateHUD.cpp">
      <Filter>07. UI\02. Window</Filter>
    </ClCompile>
    <ClCompile Include="Scene\Main2Scene.cpp">
      <Filter>01. GameManager\02. Scene\04. SubScenes</Filter>
    </ClCompile>
    <ClCompile Include="Object\Player.cpp">
      <Filter>03. Object\01. Character\02. Player</Filter>
    </ClCompile>
    <ClCompile Include="Object\Bullet.cpp">
      <Filter>03. Object\02. Bullet</Filter>
    </ClCompile>
    <ClCompile Include="Object\WallObject.cpp">
      <Filter>03. Object\06. WallObj</Filter>
    </ClCompile>
    <ClCompile Include="Object\KamiKazeMonster.cpp">
      <Filter>03. Object\01. Character\01. Monster</Filter>
    </ClCompile>
    <ClCompile Include="Object\KamikazeCage.cpp">
      <Filter>03. Object\01. Character\01. Monster</Filter>
    </ClCompile>
    <ClCompile Include="Object\Coin.cpp">
      <Filter>03. Object\03. Effect\01. DynamicEffect</Filter>
    </ClCompile>
    <ClCompile Include="Object\EffectShield.cpp">
      <Filter>03. Object\03. Effect\02. StaticEffect</Filter>
    </ClCompile>
    <ClCompile Include="Object\Npc.cpp">
      <Filter>03. Object\01. Character\03. Npc</Filter>
    </ClCompile>
    <ClCompile Include="UI\UIHome.cpp">
      <Filter>07. UI\02. Window</Filter>
    </ClCompile>
    <ClCompile Include="Scene\Main3Scene.cpp">
      <Filter>01. GameManager\02. Scene\04. SubScenes</Filter>
    </ClCompile>
    <ClCompile Include="Object\GeneratorTower.cpp">
      <Filter>03. Object\01. Character\01. Monster</Filter>
    </ClCompile>
    <ClCompile Include="Object\BossGun.cpp">
      <Filter>03. Object\05. Gun</Filter>
    </ClCompile>
    <ClCompile Include="Object\BossEgg.cpp">
      <Filter>03. Object\01. Character\01. Monster</Filter>
    </ClCompile>
    <ClCompile Include="UI\UIBossStateHUD.cpp">
      <Filter>07. UI\02. Window</Filter>
    </ClCompile>
    <ClCompile Include="Object\EffectGrenade.cpp">
      <Filter>03. Object\03. Effect\01. DynamicEffect</Filter>
    </ClCompile>
    <ClCompile Include="Object\EffectShieldStart.cpp">
      <Filter>03. Object\03. Effect\02. StaticEffect</Filter>
    </ClCompile>
    <ClCompile Include="Object\EffectExplodeTrace.cpp">
      <Filter>03. Object\03. Effect\02. StaticEffect</Filter>
    </ClCompile>
    <ClCompile Include="UI\UISceneStart.cpp">
      <Filter>07. UI\01. Widget</Filter>
    </ClCompile>
    <ClCompile Include="Object\EffectAbilityUp.cpp">
      <Filter>03. Object\03. Effect\02. StaticEffect</Filter>
    </ClCompile>
    <ClCompile Include="Object\EffectDoorAbove.cpp">
      <Filter>03. Object\03. Effect\02. StaticEffect</Filter>
    </ClCompile>
    <ClCompile Include="Scene\IntroScene.cpp">
      <Filter>01. GameManager\02. Scene\04. SubScenes</Filter>
    </ClCompile>
    <ClCompile Include="UI\UIIntro.cpp">
      <Filter>07. UI\02. Window</Filter>
    </ClCompile>
    <ClCompile Include="UI\UIIntroBack.cpp">
      <Filter>07. UI\01. Widget</Filter>
    </ClCompile>
  </ItemGroup>
  <ItemGroup>
    <ClInclude Include="resource.h">
      <Filter>헤더 파일</Filter>
    </ClInclude>
    <ClInclude Include="GameManager.h">
      <Filter>01. GameManager</Filter>
    </ClInclude>
    <ClInclude Include="GameInfo.h">
      <Filter>헤더 파일</Filter>
    </ClInclude>
    <ClInclude Include="Timer.h">
      <Filter>01. GameManager\01. Timer</Filter>
    </ClInclude>
    <ClInclude Include="Ref.h">
      <Filter>01. GameManager\02. Ref</Filter>
    </ClInclude>
    <ClInclude Include="Object\GameObject.h">
      <Filter>03. Object</Filter>
    </ClInclude>
    <ClInclude Include="Math.h">
      <Filter>01. GameManager\02. Scene\03. Math</Filter>
    </ClInclude>
    <ClInclude Include="Object\Character.h">
      <Filter>03. Object\01. Character</Filter>
    </ClInclude>
    <ClInclude Include="Object\Bullet.h">
      <Filter>03. Object\02. Bullet</Filter>
    </ClInclude>
    <ClInclude Include="Scene\Scene.h">
      <Filter>01. GameManager\02. Scene</Filter>
    </ClInclude>
    <ClInclude Include="Scene\SceneManager.h">
      <Filter>01. GameManager\02. Scene</Filter>
    </ClInclude>
    <ClInclude Include="Input.h">
      <Filter>01. GameManager\04. Input</Filter>
    </ClInclude>
    <ClInclude Include="Flag.h">
      <Filter>헤더 파일</Filter>
    </ClInclude>
    <ClInclude Include="SharedPtr.h">
      <Filter>01. GameManager\05. SharedPtr</Filter>
    </ClInclude>
    <ClInclude Include="PathManager.h">
      <Filter>01. GameManager\06. Path</Filter>
    </ClInclude>
    <ClInclude Include="Resource\ResourceManager.h">
      <Filter>04. Resource</Filter>
    </ClInclude>
    <ClInclude Include="Resource\Texture.h">
      <Filter>04. Resource\01. Texture</Filter>
    </ClInclude>
    <ClInclude Include="Scene\SceneResource.h">
      <Filter>01. GameManager\02. Scene\01. Resource</Filter>
    </ClInclude>
    <ClInclude Include="Animation\Animation.h">
      <Filter>05. Animation</Filter>
    </ClInclude>
    <ClInclude Include="Animation\AnimationInfo.h">
      <Filter>05. Animation</Filter>
    </ClInclude>
    <ClInclude Include="Resource\AnimationSequence.h">
      <Filter>04. Resource\02. Animation</Filter>
    </ClInclude>
    <ClInclude Include="Collision\CollisionManager.h">
      <Filter>06. Collision</Filter>
    </ClInclude>
    <ClInclude Include="Collision\Collider.h">
      <Filter>06. Collision</Filter>
    </ClInclude>
    <ClInclude Include="Collision\ColliderBox.h">
      <Filter>06. Collision</Filter>
    </ClInclude>
    <ClInclude Include="Scene\SceneCollision.h">
      <Filter>01. GameManager\02. Scene\02. Collision</Filter>
    </ClInclude>
    <ClInclude Include="Collision\Collision.h">
      <Filter>06. Collision</Filter>
    </ClInclude>
    <ClInclude Include="Collision\ColliderSphere.h">
      <Filter>06. Collision</Filter>
    </ClInclude>
    <ClInclude Include="UI\UIWindow.h">
      <Filter>07. UI</Filter>
    </ClInclude>
    <ClInclude Include="UI\UIWidget.h">
      <Filter>07. UI\01. Widget</Filter>
    </ClInclude>
    <ClInclude Include="UI\UIImage.h">
      <Filter>07. UI\01. Widget</Filter>
    </ClInclude>
    <ClInclude Include="Scene\Camera.h">
      <Filter>01. GameManager\02. Scene\03. Camera</Filter>
    </ClInclude>
    <ClInclude Include="UI\Button.h">
      <Filter>07. UI\01. Widget</Filter>
    </ClInclude>
    <ClInclude Include="UI\UIStart.h">
      <Filter>07. UI\02. Window</Filter>
    </ClInclude>
    <ClInclude Include="fmod_codec.h">
      <Filter>04. Resource\03. Sound\01. FMOD</Filter>
    </ClInclude>
    <ClInclude Include="fmod_common.h">
      <Filter>04. Resource\03. Sound\01. FMOD</Filter>
    </ClInclude>
    <ClInclude Include="fmod_dsp.h">
      <Filter>04. Resource\03. Sound\01. FMOD</Filter>
    </ClInclude>
    <ClInclude Include="fmod_dsp_effects.h">
      <Filter>04. Resource\03. Sound\01. FMOD</Filter>
    </ClInclude>
    <ClInclude Include="fmod_errors.h">
      <Filter>04. Resource\03. Sound\01. FMOD</Filter>
    </ClInclude>
    <ClInclude Include="fmod_output.h">
      <Filter>04. Resource\03. Sound\01. FMOD</Filter>
    </ClInclude>
    <ClInclude Include="fmod.h">
      <Filter>04. Resource\03. Sound\01. FMOD</Filter>
    </ClInclude>
    <ClInclude Include="fmod.hpp">
      <Filter>04. Resource\03. Sound\01. FMOD</Filter>
    </ClInclude>
    <ClInclude Include="Resource\Sound.h">
      <Filter>04. Resource\03. Sound</Filter>
    </ClInclude>
    <ClInclude Include="UI\ProgressBar.h">
      <Filter>07. UI\01. Widget</Filter>
    </ClInclude>
    <ClInclude Include="UI\UIMain.h">
      <Filter>07. UI\02. Window</Filter>
    </ClInclude>
    <ClInclude Include="UI\UICharacterStateHUD.h">
      <Filter>07. UI\02. Window</Filter>
    </ClInclude>
    <ClInclude Include="UI\WidgetComponent.h">
      <Filter>07. UI</Filter>
    </ClInclude>
    <ClInclude Include="UI\UIText.h">
      <Filter>07. UI\01. Widget</Filter>
    </ClInclude>
    <ClInclude Include="Resource\Font.h">
      <Filter>04. Resource\04. Font</Filter>
    </ClInclude>
    <ClInclude Include="UI\NumberWidget.h">
      <Filter>07. UI\01. Widget</Filter>
    </ClInclude>
    <ClInclude Include="MonsterInfo.h">
      <Filter>헤더 파일</Filter>
    </ClInclude>
    <ClInclude Include="PlayerInfo.h">
      <Filter>헤더 파일</Filter>
    </ClInclude>
    <ClInclude Include="UI\UICommon.h">
      <Filter>07. UI\02. Window</Filter>
    </ClInclude>
    <ClInclude Include="Object\StageDoor.h">
      <Filter>03. Object\04. Items</Filter>
    </ClInclude>
    <ClInclude Include="Object\Armor.h">
      <Filter>03. Object\04. Items\2. Equipment</Filter>
    </ClInclude>
    <ClInclude Include="Object\Equipment.h">
      <Filter>03. Object\04. Items\2. Equipment</Filter>
    </ClInclude>
    <ClInclude Include="Object\Weapon.h">
      <Filter>03. Object\04. Items\2. Equipment</Filter>
    </ClInclude>
    <ClInclude Include="Object\Potion.h">
      <Filter>03. Object\04. Items\1.Portions</Filter>
    </ClInclude>
    <ClInclude Include="Object\HPPotion.h">
      <Filter>03. Object\04. Items\1.Portions</Filter>
    </ClInclude>
    <ClInclude Include="Object\MPPotion.h">
      <Filter>03. Object\04. Items\1.Portions</Filter>
    </ClInclude>
    <ClInclude Include="Scene\HomeScene.h">
      <Filter>01. GameManager\02. Scene\04. SubScenes</Filter>
    </ClInclude>
    <ClInclude Include="Scene\MainScene.h">
      <Filter>01. GameManager\02. Scene\04. SubScenes</Filter>
    </ClInclude>
    <ClInclude Include="Scene\StartScene.h">
      <Filter>01. GameManager\02. Scene\04. SubScenes</Filter>
    </ClInclude>
    <ClInclude Include="Map\MapBase.h">
      <Filter>08. Map</Filter>
    </ClInclude>
    <ClInclude Include="Map\TileMap.h">
      <Filter>08. Map</Filter>
    </ClInclude>
    <ClInclude Include="Map\Tile.h">
      <Filter>08. Map</Filter>
    </ClInclude>
    <ClInclude Include="Scene\EditorScene.h">
      <Filter>01. GameManager\02. Scene\04. SubScenes</Filter>
    </ClInclude>
    <ClInclude Include="Scene\EditorDlg.h">
      <Filter>01. GameManager\02. Scene\04. SubScenes</Filter>
    </ClInclude>
    <ClInclude Include="Map\ScrollMap.h">
      <Filter>08. Map</Filter>
    </ClInclude>
    <ClInclude Include="Object\LaserObject.h">
      <Filter>03. Object</Filter>
    </ClInclude>
    <ClInclude Include="NameInfo.h">
      <Filter>헤더 파일</Filter>
    </ClInclude>
    <ClInclude Include="ProtoInfo.h">
      <Filter>헤더 파일</Filter>
    </ClInclude>
    <ClInclude Include="Inventory.h">
      <Filter>02. Inventory</Filter>
    </ClInclude>
    <ClInclude Include="Object\Gun.h">
      <Filter>03. Object\05. Gun</Filter>
    </ClInclude>
    <ClInclude Include="Object\Monster.h">
      <Filter>03. Object\01. Character\01. Monster</Filter>
    </ClInclude>
    <ClInclude Include="Object\TurtleMonster.h">
      <Filter>03. Object\01. Character\01. Monster</Filter>
    </ClInclude>
    <ClInclude Include="Object\DuckMonster.h">
      <Filter>03. Object\01. Character\01. Monster</Filter>
    </ClInclude>
    <ClInclude Include="Object\ShotGun.h">
      <Filter>03. Object\05. Gun</Filter>
    </ClInclude>
    <ClInclude Include="Object\PistolGun.h">
      <Filter>03. Object\05. Gun</Filter>
    </ClInclude>
    <ClInclude Include="UI\UIAnimation.h">
      <Filter>07. UI\01. Widget</Filter>
    </ClInclude>
    <ClInclude Include="Object\BossMonster.h">
      <Filter>03. Object\01. Character\01. Monster</Filter>
    </ClInclude>
    <ClInclude Include="Object\Player.h">
      <Filter>03. Object\01. Character\02. Player</Filter>
    </ClInclude>
    <ClInclude Include="Object\EffectAbilityUp.h">
      <Filter>03. Object\03. Effect\02. StaticEffect</Filter>
    </ClInclude>
    <ClInclude Include="Object\EffectBulletStart.h">
      <Filter>03. Object\03. Effect\02. StaticEffect</Filter>
    </ClInclude>
    <ClInclude Include="Object\EffectCasing.h">
      <Filter>03. Object\03. Effect\01. DynamicEffect</Filter>
    </ClInclude>
    <ClInclude Include="Object\EffectDash.h">
      <Filter>03. Object\03. Effect\02. StaticEffect</Filter>
    </ClInclude>
    <ClInclude Include="Object\EffectHit.h">
      <Filter>03. Object\03. Effect\02. StaticEffect</Filter>
    </ClInclude>
    <ClInclude Include="Object\EffectSurprise.h">
      <Filter>03. Object\03. Effect\02. StaticEffect</Filter>
    </ClInclude>
    <ClInclude Include="Object\EffectText.h">
      <Filter>03. Object\03. Effect\01. DynamicEffect</Filter>
    </ClInclude>
    <ClInclude Include="Object\TeleportMouse.h">
      <Filter>03. Object\03. Effect\02. StaticEffect</Filter>
    </ClInclude>
    <ClInclude Include="Object\EffectReload.h">
      <Filter>03. Object\03. Effect\02. StaticEffect</Filter>
    </ClInclude>
    <ClInclude Include="UI\UIGunStateHUD.h">
      <Filter>07. UI\02. Window</Filter>
    </ClInclude>
    <ClInclude Include="Scene\Main2Scene.h">
      <Filter>01. GameManager\02. Scene\04. SubScenes</Filter>
    </ClInclude>
    <ClInclude Include="Object\DamageFont.h">
      <Filter>03. Object\03. Effect\01. DynamicEffect</Filter>
    </ClInclude>
    <ClInclude Include="Object\WallObject.h">
      <Filter>03. Object\06. WallObj</Filter>
    </ClInclude>
    <ClInclude Include="Object\KamiKazeMonster.h">
      <Filter>03. Object\01. Character\01. Monster</Filter>
    </ClInclude>
    <ClInclude Include="Object\KamikazeCage.h">
      <Filter>03. Object\01. Character\01. Monster</Filter>
    </ClInclude>
    <ClInclude Include="Object\Coin.h">
      <Filter>03. Object\03. Effect\01. DynamicEffect</Filter>
    </ClInclude>
    <ClInclude Include="Object\EffectShield.h">
      <Filter>03. Object\03. Effect\02. StaticEffect</Filter>
    </ClInclude>
    <ClInclude Include="Object\Npc.h">
      <Filter>03. Object\01. Character\03. Npc</Filter>
    </ClInclude>
    <ClInclude Include="UI\UIHome.h">
      <Filter>07. UI\02. Window</Filter>
    </ClInclude>
    <ClInclude Include="Scene\Main3Scene.h">
      <Filter>01. GameManager\02. Scene\04. SubScenes</Filter>
    </ClInclude>
    <ClInclude Include="Object\GeneratorTower.h">
      <Filter>03. Object\01. Character\01. Monster</Filter>
    </ClInclude>
    <ClInclude Include="Object\BossGun.h">
      <Filter>03. Object\05. Gun</Filter>
    </ClInclude>
    <ClInclude Include="Object\BossEgg.h">
      <Filter>03. Object\01. Character\01. Monster</Filter>
    </ClInclude>
    <ClInclude Include="UI\UIBossStateHUD.h">
      <Filter>07. UI\02. Window</Filter>
    </ClInclude>
    <ClInclude Include="Object\EffectGrenade.h">
      <Filter>03. Object\03. Effect\01. DynamicEffect</Filter>
    </ClInclude>
    <ClInclude Include="Object\EffectShieldStart.h">
      <Filter>03. Object\03. Effect\02. StaticEffect</Filter>
    </ClInclude>
    <ClInclude Include="Object\EffectExplodeTrace.h">
      <Filter>03. Object\03. Effect\02. StaticEffect</Filter>
    </ClInclude>
    <ClInclude Include="UI\UISceneStart.h">
      <Filter>07. UI\01. Widget</Filter>
    </ClInclude>
    <ClInclude Include="Object\EffectDoorAbove.h">
      <Filter>03. Object\03. Effect\02. StaticEffect</Filter>
    </ClInclude>
    <ClInclude Include="Scene\IntroScene.h">
      <Filter>01. GameManager\02. Scene\04. SubScenes</Filter>
    </ClInclude>
    <ClInclude Include="UI\UIIntro.h">
      <Filter>07. UI\02. Window</Filter>
    </ClInclude>
    <ClInclude Include="UI\UIIntroBack.h">
      <Filter>07. UI\01. Widget</Filter>
    </ClInclude>
  </ItemGroup>
  <ItemGroup>
    <ResourceCompile Include="GameFramework.rc">
      <Filter>리소스 파일</Filter>
    </ResourceCompile>
  </ItemGroup>
  <ItemGroup>
    <Image Include="icon1.ico">
      <Filter>리소스 파일</Filter>
    </Image>
  </ItemGroup>
  <ItemGroup>
    <None Include="fmod_dsp.cs">
      <Filter>04. Resource\03. Sound\01. FMOD</Filter>
    </None>
    <None Include="fmod_errors.cs">
      <Filter>04. Resource\03. Sound\01. FMOD</Filter>
    </None>
    <None Include="fmod.cs">
      <Filter>04. Resource\03. Sound\01. FMOD</Filter>
    </None>
  </ItemGroup>
</Project>